
Microsoft Visual Studio Solution File, Format Version 11.00
# Visual Studio 2010
Project("{FAE04EC0-301F-11D3-BF4B-00C04F79EFBC}") = "Assembly-CSharp", "Assembly-CSharp.csproj", "{325856E2-F8B2-1707-26B8-F04B2AF2ECAA}"
EndProject
Global
	GlobalSection(SolutionConfigurationPlatforms) = preSolution
		Debug|Any CPU = Debug|Any CPU
		Release|Any CPU = Release|Any CPU
	EndGlobalSection
	GlobalSection(ProjectConfigurationPlatforms) = postSolution
		{325856E2-F8B2-1707-26B8-F04B2AF2ECAA}.Debug|Any CPU.ActiveCfg = Debug|Any CPU
		{325856E2-F8B2-1707-26B8-F04B2AF2ECAA}.Debug|Any CPU.Build.0 = Debug|Any CPU
		{325856E2-F8B2-1707-26B8-F04B2AF2ECAA}.Release|Any CPU.ActiveCfg = Release|Any CPU
		{325856E2-F8B2-1707-26B8-F04B2AF2ECAA}.Release|Any CPU.Build.0 = Release|Any CPU
	EndGlobalSection
	GlobalSection(SolutionProperties) = preSolution
		HideSolutionNode = FALSE
	EndGlobalSection
EndGlobal
